<?xml version="1.0" encoding="utf-8"?>
<Project ToolsVersion="4.0" xmlns="http://schemas.microsoft.com/developer/msbuild/2003">
  <ItemGroup>
    <ClInclude Include="stdafx.h" />
    <ClInclude Include="Program.h" />
    <ClInclude Include="Game\Game.h" />
    <ClInclude Include="Character\Character.h" />
    <ClInclude Include="Component\Input\AgentInput.h" />
    <ClInclude Include="Game\GameWorld.h" />
    <ClInclude Include="Level\Level.h" />
    <ClInclude Include="Level\Decoration.h" />
    <ClInclude Include="Objects\Terrain.h" />
    <ClInclude Include="Level\SampleLevel\TestLevel.h" />
    <ClInclude Include="Level\Background.h" />
    <ClInclude Include="Character\Agent.h" />
    <ClInclude Include="Game\Decoration.h" />
    <ClInclude Include="Character\Animations.h" />
    <ClInclude Include="UI\HUD.h" />
    <ClInclude Include="Component\Graphic\AnimatedGraphic.h" />
    <ClInclude Include="Component\Graphic\TexturedGraphic.h" />
    <ClInclude Include="Component\Graphic\AgentGraphic.h" />
    <ClInclude Include="Component\Graphic\IGraphic.h" />
    <ClInclude Include="Game\GameObject.h" />
    <ClInclude Include="Component\Collision\Collision.h" />
  </ItemGroup>
  <ItemGroup>
    <ClCompile Include="Program.cpp" />
    <ClCompile Include="Game\Game.cpp" />
    <ClCompile Include="Character\Character.cpp" />
    <ClCompile Include="Component\Input\AgentInput.cpp" />
    <ClCompile Include="Game\GameWorld.cpp" />
    <ClCompile Include="Level\Level.cpp" />
    <ClCompile Include="Level\Decoration.cpp" />
    <ClCompile Include="Objects\Terrain.cpp" />
    <ClCompile Include="Level\SampleLevel\TestLevel.cpp" />
    <ClCompile Include="Level\Background.cpp" />
    <ClCompile Include="Character\Agent.cpp" />
    <ClCompile Include="Character\Animations.cpp" />
    <ClCompile Include="UI\HUD.cpp" />
    <ClCompile Include="Component\Graphic\AgentGraphic.cpp" />
    <ClCompile Include="Component\Graphic\AnimatedGraphic.cpp" />
    <ClCompile Include="Component\Graphic\TexturedGraphic.cpp" />
    <ClCompile Include="Component\Graphic\IGraphic.cpp" />
    <ClCompile Include="Game\GameObject.cpp" />
    <ClCompile Include="Component\Collision\Collision.cpp" />
  </ItemGroup>
  <ItemGroup>
    <Library Include="Framework.lib" />
  </ItemGroup>
</Project>