<?xml version="1.0" encoding="utf-8"?>
<Project ToolsVersion="4.0" xmlns="http://schemas.microsoft.com/developer/msbuild/2003">
  <ItemGroup>
    <ClInclude Include="stdafx.h" />
    <ClInclude Include="Program.h" />
    <ClInclude Include="Utilities\Game.h" />
    <ClInclude Include="Character\Character.h" />
    <ClInclude Include="Utilities\GameWorld.h" />
    <ClInclude Include="Level\Decoration.h" />
    <ClInclude Include="Level\SampleLevel\TestLevel.h" />
    <ClInclude Include="Level\Background.h" />
    <ClInclude Include="Character\Agent.h" />
    <ClInclude Include="Utilities\Decoration.h" />
    <ClInclude Include="Character\Animations.h" />
    <ClInclude Include="UI\HUD.h" />
    <ClInclude Include="GameObjects\Bullet\Bullet.h" />
    <ClInclude Include="Utilities\Input\Input.h" />
    <ClInclude Include="Utilities\Combat\PlayerCombat.h" />
    <ClInclude Include="GameObjects\Throwable\Throwable.h" />
    <ClInclude Include="Character\Enemy.h" />
    <ClInclude Include="Character\SoldierSample.h" />
    <ClInclude Include="Utilities\Movements\PlayerMovement.h" />
    <ClInclude Include="Utilities\Movements\ThrowableMovement.h" />
    <ClInclude Include="Utilities\Gun\Gun.h" />
    <ClInclude Include="Utilities\Movements\Movement.h" />
    <ClInclude Include="Utilities\LevelEditor\LevelEditor.h" />
    <ClInclude Include="Utilities\GameManager.h" />
    <ClInclude Include="GameObjects\Elevator.h" />
  </ItemGroup>
  <ItemGroup>
    <ClCompile Include="Program.cpp" />
    <ClCompile Include="Utilities\Game.cpp" />
    <ClCompile Include="Character\Character.cpp" />
    <ClCompile Include="Utilities\GameWorld.cpp" />
    <ClCompile Include="Level\Decoration.cpp" />
    <ClCompile Include="Level\SampleLevel\TestLevel.cpp" />
    <ClCompile Include="Level\Background.cpp" />
    <ClCompile Include="Character\Agent.cpp" />
    <ClCompile Include="Character\Animations.cpp" />
    <ClCompile Include="UI\HUD.cpp" />
    <ClCompile Include="GameObjects\Bullet\Bullet.cpp" />
    <ClCompile Include="Utilities\Input\Input.cpp" />
    <ClCompile Include="Utilities\Combat\PlayerCombat.cpp" />
    <ClCompile Include="GameObjects\Throwable\Throwable.cpp" />
    <ClCompile Include="Character\Enemy.cpp" />
    <ClCompile Include="Character\SoldierSample.cpp" />
    <ClCompile Include="Utilities\Movements\PlayerMovement.cpp" />
    <ClCompile Include="Utilities\Movements\ThrowableMovement.cpp" />
    <ClCompile Include="Utilities\Gun\Gun.cpp" />
    <ClCompile Include="Utilities\Movements\Movement.cpp" />
    <ClCompile Include="Utilities\LevelEditor\LevelEditor.cpp" />
    <ClCompile Include="Utilities\GameManager.cpp" />
    <ClCompile Include="GameObjects\Elevator.cpp" />
  </ItemGroup>
  <ItemGroup>
    <Library Include="Framework.lib" />
  </ItemGroup>
</Project>