<?xml version="1.0" encoding="utf-8"?>
<Project ToolsVersion="4.0" xmlns="http://schemas.microsoft.com/developer/msbuild/2003">
  <ItemGroup>
    <ClInclude Include="stdafx.h" />
    <ClInclude Include="Program.h" />
    <ClInclude Include="Game\Game.h" />
    <ClInclude Include="Level\SampleStage\SamplePlate.h" />
    <ClInclude Include="Character\Character.h" />
    <ClInclude Include="Interface\IMovement.h" />
    <ClInclude Include="Game\GameWorld.h" />
    <ClInclude Include="Level\Level.h" />
  </ItemGroup>
  <ItemGroup>
    <ClCompile Include="Program.cpp" />
    <ClCompile Include="Game\Game.cpp" />
    <ClCompile Include="Level\SampleStage\SamplePlate.cpp" />
    <ClCompile Include="Character\Character.cpp" />
    <ClCompile Include="Interface\IMovement.cpp" />
    <ClCompile Include="Game\GameWorld.cpp" />
    <ClCompile Include="Level\Level.cpp" />
  </ItemGroup>
  <ItemGroup>
    <Library Include="Framework.lib" />
  </ItemGroup>
</Project>